
Microsoft Visual Studio Solution File, Format Version 12.00
# Visual Studio Version 16
VisualStudioVersion = 16.0.34729.46
MinimumVisualStudioVersion = 10.0.40219.1
Project("{FAE04EC0-301F-11D3-BF4B-00C04F79EFBC}") = "mockd", "mockd\mockd.csproj", "{3195B352-52FD-467B-AF9E-79BE7F664EEA}"
EndProject
Global
	GlobalSection(SolutionConfigurationPlatforms) = preSolution
		Debug|Any CPU = Debug|Any CPU
		Release|Any CPU = Release|Any CPU
	EndGlobalSection
	GlobalSection(ProjectConfigurationPlatforms) = postSolution
		{3195B352-52FD-467B-AF9E-79BE7F664EEA}.Debug|Any CPU.ActiveCfg = Debug|Any CPU
		{3195B352-52FD-467B-AF9E-79BE7F664EEA}.Debug|Any CPU.Build.0 = Debug|Any CPU
		{3195B352-52FD-467B-AF9E-79BE7F664EEA}.Release|Any CPU.ActiveCfg = Release|Any CPU
		{3195B352-52FD-467B-AF9E-79BE7F664EEA}.Release|Any CPU.Build.0 = Release|Any CPU
	EndGlobalSection
	GlobalSection(SolutionProperties) = preSolution
		HideSolutionNode = FALSE
	EndGlobalSection
	GlobalSection(ExtensibilityGlobals) = postSolution
		SolutionGuid = {3A43E94D-CD41-4BD5-8C97-3370A834F146}
	EndGlobalSection
EndGlobal
